
Microsoft Visual Studio Solution File, Format Version 12.00
# Visual Studio Version 16
VisualStudioVersion = 16.0.31624.102
MinimumVisualStudioVersion = 10.0.40219.1
Project("{8BC9CEB8-8B4A-11D0-8D11-00A0C91BC942}") = "str_view", "str_view\str_view.vcxproj", "{9603AB0D-C433-4013-8F1D-C425A44E9A03}"
EndProject
Global
	GlobalSection(SolutionConfigurationPlatforms) = preSolution
		Debug|x64 = Debug|x64
		Debug|x86 = Debug|x86
		Release|x64 = Release|x64
		Release|x86 = Release|x86
	EndGlobalSection
	GlobalSection(ProjectConfigurationPlatforms) = postSolution
		{9603AB0D-C433-4013-8F1D-C425A44E9A03}.Debug|x64.ActiveCfg = Debug|x64
		{9603AB0D-C433-4013-8F1D-C425A44E9A03}.Debug|x64.Build.0 = Debug|x64
		{9603AB0D-C433-4013-8F1D-C425A44E9A03}.Debug|x86.ActiveCfg = Debug|Win32
		{9603AB0D-C433-4013-8F1D-C425A44E9A03}.Debug|x86.Build.0 = Debug|Win32
		{9603AB0D-C433-4013-8F1D-C425A44E9A03}.Release|x64.ActiveCfg = Release|x64
		{9603AB0D-C433-4013-8F1D-C425A44E9A03}.Release|x64.Build.0 = Release|x64
		{9603AB0D-C433-4013-8F1D-C425A44E9A03}.Release|x86.ActiveCfg = Release|Win32
		{9603AB0D-C433-4013-8F1D-C425A44E9A03}.Release|x86.Build.0 = Release|Win32
	EndGlobalSection
	GlobalSection(SolutionProperties) = preSolution
		HideSolutionNode = FALSE
	EndGlobalSection
	GlobalSection(ExtensibilityGlobals) = postSolution
		SolutionGuid = {558EB53D-AB8A-478F-9093-2C30AFEDE269}
	EndGlobalSection
EndGlobal
